
Microsoft Visual Studio Solution File, Format Version 12.00
# Visual Studio Version 17
VisualStudioVersion = 17.9.34701.34
MinimumVisualStudioVersion = 10.0.40219.1
Project("{FAE04EC0-301F-11D3-BF4B-00C04F79EFBC}") = "Products", "Prodacts\Products.csproj", "{0D624A17-5F66-4B00-8A1D-929B510BDF33}"
EndProject
Project("{FAE04EC0-301F-11D3-BF4B-00C04F79EFBC}") = "Domain", "Domain\Domain.csproj", "{D97F5287-9383-4CEB-A1A1-9D15CA9960EF}"
EndProject
Project("{FAE04EC0-301F-11D3-BF4B-00C04F79EFBC}") = "Aplication", "Aplication\Aplication.csproj", "{3D50238A-12EB-4F5A-A935-180D6FAC1F7D}"
EndProject
Project("{FAE04EC0-301F-11D3-BF4B-00C04F79EFBC}") = "Infrastructure", "Infrastructure\Infrastructure.csproj", "{18B1DB37-9435-4A6F-83E9-FF97D2A50AB8}"
EndProject
Project("{FAE04EC0-301F-11D3-BF4B-00C04F79EFBC}") = "Product.MVC", "Prodation.MVC\Product.MVC.csproj", "{79334182-7D04-4639-A886-95E285127183}"
EndProject
Global
	GlobalSection(SolutionConfigurationPlatforms) = preSolution
		Debug|Any CPU = Debug|Any CPU
		Release|Any CPU = Release|Any CPU
	EndGlobalSection
	GlobalSection(ProjectConfigurationPlatforms) = postSolution
		{0D624A17-5F66-4B00-8A1D-929B510BDF33}.Debug|Any CPU.ActiveCfg = Debug|Any CPU
		{0D624A17-5F66-4B00-8A1D-929B510BDF33}.Debug|Any CPU.Build.0 = Debug|Any CPU
		{0D624A17-5F66-4B00-8A1D-929B510BDF33}.Release|Any CPU.ActiveCfg = Release|Any CPU
		{0D624A17-5F66-4B00-8A1D-929B510BDF33}.Release|Any CPU.Build.0 = Release|Any CPU
		{D97F5287-9383-4CEB-A1A1-9D15CA9960EF}.Debug|Any CPU.ActiveCfg = Debug|Any CPU
		{D97F5287-9383-4CEB-A1A1-9D15CA9960EF}.Debug|Any CPU.Build.0 = Debug|Any CPU
		{D97F5287-9383-4CEB-A1A1-9D15CA9960EF}.Release|Any CPU.ActiveCfg = Release|Any CPU
		{D97F5287-9383-4CEB-A1A1-9D15CA9960EF}.Release|Any CPU.Build.0 = Release|Any CPU
		{3D50238A-12EB-4F5A-A935-180D6FAC1F7D}.Debug|Any CPU.ActiveCfg = Debug|Any CPU
		{3D50238A-12EB-4F5A-A935-180D6FAC1F7D}.Debug|Any CPU.Build.0 = Debug|Any CPU
		{3D50238A-12EB-4F5A-A935-180D6FAC1F7D}.Release|Any CPU.ActiveCfg = Release|Any CPU
		{3D50238A-12EB-4F5A-A935-180D6FAC1F7D}.Release|Any CPU.Build.0 = Release|Any CPU
		{18B1DB37-9435-4A6F-83E9-FF97D2A50AB8}.Debug|Any CPU.ActiveCfg = Debug|Any CPU
		{18B1DB37-9435-4A6F-83E9-FF97D2A50AB8}.Debug|Any CPU.Build.0 = Debug|Any CPU
		{18B1DB37-9435-4A6F-83E9-FF97D2A50AB8}.Release|Any CPU.ActiveCfg = Release|Any CPU
		{18B1DB37-9435-4A6F-83E9-FF97D2A50AB8}.Release|Any CPU.Build.0 = Release|Any CPU
		{79334182-7D04-4639-A886-95E285127183}.Debug|Any CPU.ActiveCfg = Debug|Any CPU
		{79334182-7D04-4639-A886-95E285127183}.Debug|Any CPU.Build.0 = Debug|Any CPU
		{79334182-7D04-4639-A886-95E285127183}.Release|Any CPU.ActiveCfg = Release|Any CPU
		{79334182-7D04-4639-A886-95E285127183}.Release|Any CPU.Build.0 = Release|Any CPU
	EndGlobalSection
	GlobalSection(SolutionProperties) = preSolution
		HideSolutionNode = FALSE
	EndGlobalSection
	GlobalSection(ExtensibilityGlobals) = postSolution
		SolutionGuid = {82C89BEE-894E-4D0B-B2BB-1D287BE86AC9}
	EndGlobalSection
EndGlobal
